{
  "version": 4,
  "terraform_version": "0.13.5",
  "serial": 17,
  "lineage": "cbef9865-f1cc-eb59-fa18-d38c81ceaff1",
  "outputs": {},
  "resources": [
    {
      "mode": "managed",
      "type": "aws_api_gateway_deployment",
      "name": "hello_api_deployment",
      "provider": "provider[\"registry.terraform.io/hashicorp/aws\"]",
      "instances": [
        {
          "schema_version": 0,
          "attributes": {
            "created_date": "2020-12-02T06:47:56Z",
            "description": "Deploy methods: GET POST",
            "execution_arn": "arn:aws:execute-api:eu-west-1:038624201436:cowqfr1en8/production",
            "id": "o1bxig",
            "invoke_url": "https://cowqfr1en8.execute-api.eu-west-1.amazonaws.com/production",
            "rest_api_id": "cowqfr1en8",
            "stage_description": null,
            "stage_name": "production",
            "triggers": null,
            "variables": null
          },
          "private": "bnVsbA==",
          "dependencies": [
            "aws_api_gateway_resource.hello_api_res_hello",
            "aws_api_gateway_rest_api.hello_api",
            "aws_iam_role.iam_role_for_lambda",
            "module.hello_get.aws_api_gateway_integration.request_method_integration",
            "module.hello_get.aws_api_gateway_integration_response.response_method_integration",
            "module.hello_get.aws_api_gateway_method.request_method",
            "module.hello_get.aws_api_gateway_method_response.response_method",
            "module.hello_post.aws_api_gateway_integration.request_method_integration",
            "module.hello_post.aws_api_gateway_integration_response.response_method_integration",
            "module.hello_post.aws_api_gateway_method.request_method",
            "module.hello_post.aws_api_gateway_method_response.response_method",
            "module.lambda.aws_lambda_function.lambda",
            "module.lambda_post.aws_lambda_function.lambda"
          ]
        }
      ]
    },
    {
      "mode": "managed",
      "type": "aws_api_gateway_resource",
      "name": "hello_api_res_hello",
      "provider": "provider[\"registry.terraform.io/hashicorp/aws\"]",
      "instances": [
        {
          "schema_version": 0,
          "attributes": {
            "id": "mjrscz",
            "parent_id": "ols7cfsx1g",
            "path": "/person",
            "path_part": "person",
            "rest_api_id": "cowqfr1en8"
          },
          "private": "bnVsbA==",
          "dependencies": [
            "aws_api_gateway_rest_api.hello_api"
          ]
        }
      ]
    },
    {
      "mode": "managed",
      "type": "aws_api_gateway_rest_api",
      "name": "hello_api",
      "provider": "provider[\"registry.terraform.io/hashicorp/aws\"]",
      "instances": [
        {
          "schema_version": 0,
          "attributes": {
            "api_key_source": "HEADER",
            "arn": "arn:aws:apigateway:eu-west-1::/restapis/cowqfr1en8",
            "binary_media_types": null,
            "body": null,
            "created_date": "2020-12-02T06:47:32Z",
            "description": "",
            "endpoint_configuration": [
              {
                "types": [
                  "EDGE"
                ],
                "vpc_endpoint_ids": []
              }
            ],
            "execution_arn": "arn:aws:execute-api:eu-west-1:038624201436:cowqfr1en8",
            "id": "cowqfr1en8",
            "minimum_compression_size": -1,
            "name": "person",
            "policy": "",
            "root_resource_id": "ols7cfsx1g",
            "tags": null
          },
          "private": "bnVsbA=="
        }
      ]
    },
    {
      "mode": "managed",
      "type": "aws_iam_role",
      "name": "iam_role_for_lambda",
      "provider": "provider[\"registry.terraform.io/hashicorp/aws\"]",
      "instances": [
        {
          "schema_version": 0,
          "attributes": {
            "arn": "arn:aws:iam::038624201436:role/iam_role_for_lambda",
            "assume_role_policy": "{\"Version\":\"2012-10-17\",\"Statement\":[{\"Sid\":\"\",\"Effect\":\"Allow\",\"Principal\":{\"Service\":\"lambda.amazonaws.com\"},\"Action\":\"sts:AssumeRole\"}]}",
            "create_date": "2020-12-02T06:47:32Z",
            "description": "",
            "force_detach_policies": false,
            "id": "iam_role_for_lambda",
            "max_session_duration": 3600,
            "name": "iam_role_for_lambda",
            "name_prefix": null,
            "path": "/",
            "permissions_boundary": null,
            "tags": null,
            "unique_id": "AROAQR7RORLOCHEN7XX6C"
          },
          "private": "bnVsbA=="
        }
      ]
    },
    {
      "module": "module.hello_get",
      "mode": "managed",
      "type": "aws_api_gateway_integration",
      "name": "request_method_integration",
      "provider": "provider[\"registry.terraform.io/hashicorp/aws\"]",
      "instances": [
        {
          "schema_version": 0,
          "attributes": {
            "cache_key_parameters": null,
            "cache_namespace": "mjrscz",
            "connection_id": "",
            "connection_type": "INTERNET",
            "content_handling": "",
            "credentials": "",
            "http_method": "GET",
            "id": "agi-cowqfr1en8-mjrscz-GET",
            "integration_http_method": "POST",
            "passthrough_behavior": "WHEN_NO_MATCH",
            "request_parameters": null,
            "request_templates": null,
            "resource_id": "mjrscz",
            "rest_api_id": "cowqfr1en8",
            "timeout_milliseconds": 29000,
            "type": "AWS",
            "uri": "arn:aws:apigateway:eu-west-1:lambda:path/2015-03-31/functions/arn:aws:lambda:eu-west-1:038624201436:function:hello_lambda_handler/invocations"
          },
          "private": "bnVsbA==",
          "dependencies": [
            "aws_api_gateway_resource.hello_api_res_hello",
            "aws_api_gateway_rest_api.hello_api",
            "aws_iam_role.iam_role_for_lambda",
            "module.hello_get.aws_api_gateway_method.request_method",
            "module.lambda.aws_lambda_function.lambda"
          ]
        }
      ]
    },
    {
      "module": "module.hello_get",
      "mode": "managed",
      "type": "aws_api_gateway_integration_response",
      "name": "response_method_integration",
      "provider": "provider[\"registry.terraform.io/hashicorp/aws\"]",
      "instances": [
        {
          "schema_version": 0,
          "attributes": {
            "content_handling": "",
            "http_method": "GET",
            "id": "agir-cowqfr1en8-mjrscz-GET-200",
            "resource_id": "mjrscz",
            "response_parameters": null,
            "response_templates": {
              "application/json": ""
            },
            "rest_api_id": "cowqfr1en8",
            "selection_pattern": "",
            "status_code": "200"
          },
          "private": "bnVsbA==",
          "dependencies": [
            "aws_api_gateway_resource.hello_api_res_hello",
            "aws_api_gateway_rest_api.hello_api",
            "aws_iam_role.iam_role_for_lambda",
            "module.hello_get.aws_api_gateway_integration.request_method_integration",
            "module.hello_get.aws_api_gateway_method.request_method",
            "module.hello_get.aws_api_gateway_method_response.response_method",
            "module.lambda.aws_lambda_function.lambda"
          ]
        }
      ]
    },
    {
      "module": "module.hello_get",
      "mode": "managed",
      "type": "aws_api_gateway_method",
      "name": "request_method",
      "provider": "provider[\"registry.terraform.io/hashicorp/aws\"]",
      "instances": [
        {
          "schema_version": 0,
          "attributes": {
            "api_key_required": false,
            "authorization": "NONE",
            "authorization_scopes": null,
            "authorizer_id": null,
            "http_method": "GET",
            "id": "agm-cowqfr1en8-mjrscz-GET",
            "request_models": null,
            "request_parameters": null,
            "request_validator_id": null,
            "resource_id": "mjrscz",
            "rest_api_id": "cowqfr1en8"
          },
          "private": "bnVsbA==",
          "dependencies": [
            "aws_api_gateway_resource.hello_api_res_hello",
            "aws_api_gateway_rest_api.hello_api"
          ]
        }
      ]
    },
    {
      "module": "module.hello_get",
      "mode": "managed",
      "type": "aws_api_gateway_method_response",
      "name": "response_method",
      "provider": "provider[\"registry.terraform.io/hashicorp/aws\"]",
      "instances": [
        {
          "schema_version": 0,
          "attributes": {
            "http_method": "GET",
            "id": "agmr-cowqfr1en8-mjrscz-GET-200",
            "resource_id": "mjrscz",
            "response_models": {
              "application/json": "Empty"
            },
            "response_parameters": null,
            "rest_api_id": "cowqfr1en8",
            "status_code": "200"
          },
          "private": "bnVsbA==",
          "dependencies": [
            "aws_api_gateway_resource.hello_api_res_hello",
            "aws_api_gateway_rest_api.hello_api",
            "aws_iam_role.iam_role_for_lambda",
            "module.hello_get.aws_api_gateway_integration.request_method_integration",
            "module.hello_get.aws_api_gateway_method.request_method",
            "module.lambda.aws_lambda_function.lambda"
          ]
        }
      ]
    },
    {
      "module": "module.hello_get",
      "mode": "managed",
      "type": "aws_lambda_permission",
      "name": "allow_api_gateway",
      "provider": "provider[\"registry.terraform.io/hashicorp/aws\"]",
      "instances": [
        {
          "schema_version": 0,
          "attributes": {
            "action": "lambda:InvokeFunction",
            "event_source_token": null,
            "function_name": "hello_lambda_handler",
            "id": "AllowExecutionFromApiGateway",
            "principal": "apigateway.amazonaws.com",
            "qualifier": "",
            "source_account": null,
            "source_arn": "arn:aws:execute-api:eu-west-1:038624201436:cowqfr1en8/*/GET/person",
            "statement_id": "AllowExecutionFromApiGateway",
            "statement_id_prefix": null
          },
          "private": "bnVsbA==",
          "dependencies": [
            "aws_api_gateway_resource.hello_api_res_hello",
            "aws_api_gateway_rest_api.hello_api",
            "aws_iam_role.iam_role_for_lambda",
            "module.lambda.aws_lambda_function.lambda"
          ]
        }
      ]
    },
    {
      "module": "module.hello_post",
      "mode": "managed",
      "type": "aws_api_gateway_integration",
      "name": "request_method_integration",
      "provider": "provider[\"registry.terraform.io/hashicorp/aws\"]",
      "instances": [
        {
          "schema_version": 0,
          "attributes": {
            "cache_key_parameters": null,
            "cache_namespace": "mjrscz",
            "connection_id": "",
            "connection_type": "INTERNET",
            "content_handling": "",
            "credentials": "",
            "http_method": "POST",
            "id": "agi-cowqfr1en8-mjrscz-POST",
            "integration_http_method": "POST",
            "passthrough_behavior": "WHEN_NO_MATCH",
            "request_parameters": null,
            "request_templates": null,
            "resource_id": "mjrscz",
            "rest_api_id": "cowqfr1en8",
            "timeout_milliseconds": 29000,
            "type": "AWS",
            "uri": "arn:aws:apigateway:eu-west-1:lambda:path/2015-03-31/functions/arn:aws:lambda:eu-west-1:038624201436:function:hello_lambda_post_handler/invocations"
          },
          "private": "bnVsbA==",
          "dependencies": [
            "aws_api_gateway_resource.hello_api_res_hello",
            "aws_api_gateway_rest_api.hello_api",
            "aws_iam_role.iam_role_for_lambda",
            "module.hello_post.aws_api_gateway_method.request_method",
            "module.lambda_post.aws_lambda_function.lambda"
          ]
        }
      ]
    },
    {
      "module": "module.hello_post",
      "mode": "managed",
      "type": "aws_api_gateway_integration_response",
      "name": "response_method_integration",
      "provider": "provider[\"registry.terraform.io/hashicorp/aws\"]",
      "instances": [
        {
          "schema_version": 0,
          "attributes": {
            "content_handling": "",
            "http_method": "POST",
            "id": "agir-cowqfr1en8-mjrscz-POST-200",
            "resource_id": "mjrscz",
            "response_parameters": null,
            "response_templates": {
              "application/json": ""
            },
            "rest_api_id": "cowqfr1en8",
            "selection_pattern": "",
            "status_code": "200"
          },
          "private": "bnVsbA==",
          "dependencies": [
            "aws_api_gateway_resource.hello_api_res_hello",
            "aws_api_gateway_rest_api.hello_api",
            "aws_iam_role.iam_role_for_lambda",
            "module.hello_post.aws_api_gateway_integration.request_method_integration",
            "module.hello_post.aws_api_gateway_method.request_method",
            "module.hello_post.aws_api_gateway_method_response.response_method",
            "module.lambda_post.aws_lambda_function.lambda"
          ]
        }
      ]
    },
    {
      "module": "module.hello_post",
      "mode": "managed",
      "type": "aws_api_gateway_method",
      "name": "request_method",
      "provider": "provider[\"registry.terraform.io/hashicorp/aws\"]",
      "instances": [
        {
          "schema_version": 0,
          "attributes": {
            "api_key_required": false,
            "authorization": "NONE",
            "authorization_scopes": null,
            "authorizer_id": null,
            "http_method": "POST",
            "id": "agm-cowqfr1en8-mjrscz-POST",
            "request_models": null,
            "request_parameters": null,
            "request_validator_id": null,
            "resource_id": "mjrscz",
            "rest_api_id": "cowqfr1en8"
          },
          "private": "bnVsbA==",
          "dependencies": [
            "aws_api_gateway_resource.hello_api_res_hello",
            "aws_api_gateway_rest_api.hello_api"
          ]
        }
      ]
    },
    {
      "module": "module.hello_post",
      "mode": "managed",
      "type": "aws_api_gateway_method_response",
      "name": "response_method",
      "provider": "provider[\"registry.terraform.io/hashicorp/aws\"]",
      "instances": [
        {
          "schema_version": 0,
          "attributes": {
            "http_method": "POST",
            "id": "agmr-cowqfr1en8-mjrscz-POST-200",
            "resource_id": "mjrscz",
            "response_models": {
              "application/json": "Empty"
            },
            "response_parameters": null,
            "rest_api_id": "cowqfr1en8",
            "status_code": "200"
          },
          "private": "bnVsbA==",
          "dependencies": [
            "aws_api_gateway_resource.hello_api_res_hello",
            "aws_api_gateway_rest_api.hello_api",
            "aws_iam_role.iam_role_for_lambda",
            "module.hello_post.aws_api_gateway_integration.request_method_integration",
            "module.hello_post.aws_api_gateway_method.request_method",
            "module.lambda_post.aws_lambda_function.lambda"
          ]
        }
      ]
    },
    {
      "module": "module.hello_post",
      "mode": "managed",
      "type": "aws_lambda_permission",
      "name": "allow_api_gateway",
      "provider": "provider[\"registry.terraform.io/hashicorp/aws\"]",
      "instances": [
        {
          "schema_version": 0,
          "attributes": {
            "action": "lambda:InvokeFunction",
            "event_source_token": null,
            "function_name": "hello_lambda_post_handler",
            "id": "AllowExecutionFromApiGateway",
            "principal": "apigateway.amazonaws.com",
            "qualifier": "",
            "source_account": null,
            "source_arn": "arn:aws:execute-api:eu-west-1:038624201436:cowqfr1en8/*/POST/person",
            "statement_id": "AllowExecutionFromApiGateway",
            "statement_id_prefix": null
          },
          "private": "bnVsbA==",
          "dependencies": [
            "aws_api_gateway_resource.hello_api_res_hello",
            "aws_api_gateway_rest_api.hello_api",
            "aws_iam_role.iam_role_for_lambda",
            "module.lambda_post.aws_lambda_function.lambda"
          ]
        }
      ]
    },
    {
      "module": "module.lambda",
      "mode": "managed",
      "type": "aws_lambda_function",
      "name": "lambda",
      "provider": "provider[\"registry.terraform.io/hashicorp/aws\"]",
      "instances": [
        {
          "schema_version": 0,
          "attributes": {
            "arn": "arn:aws:lambda:eu-west-1:038624201436:function:hello_lambda_handler",
            "code_signing_config_arn": "",
            "dead_letter_config": [],
            "description": "",
            "environment": [],
            "file_system_config": [],
            "filename": "hello_lambda.zip",
            "function_name": "hello_lambda_handler",
            "handler": "hello_lambda.handler",
            "id": "hello_lambda_handler",
            "image_config": [],
            "image_uri": "",
            "invoke_arn": "arn:aws:apigateway:eu-west-1:lambda:path/2015-03-31/functions/arn:aws:lambda:eu-west-1:038624201436:function:hello_lambda_handler/invocations",
            "kms_key_arn": "",
            "last_modified": "2020-12-02T06:47:41.637+0000",
            "layers": null,
            "memory_size": 128,
            "package_type": "Zip",
            "publish": false,
            "qualified_arn": "arn:aws:lambda:eu-west-1:038624201436:function:hello_lambda_handler:$LATEST",
            "reserved_concurrent_executions": -1,
            "role": "arn:aws:iam::038624201436:role/iam_role_for_lambda",
            "runtime": "python2.7",
            "s3_bucket": null,
            "s3_key": null,
            "s3_object_version": null,
            "signing_job_arn": "",
            "signing_profile_version_arn": "",
            "source_code_hash": "Jxky26Y9tqk66BTdW5Y/R03Ntvt0oaqf994O1tgD9KU=",
            "source_code_size": 437,
            "tags": null,
            "timeout": 3,
            "timeouts": null,
            "tracing_config": [
              {
                "mode": "PassThrough"
              }
            ],
            "version": "$LATEST",
            "vpc_config": []
          },
          "private": "eyJlMmJmYjczMC1lY2FhLTExZTYtOGY4OC0zNDM2M2JjN2M0YzAiOnsiY3JlYXRlIjo2MDAwMDAwMDAwMDB9fQ==",
          "dependencies": [
            "aws_iam_role.iam_role_for_lambda"
          ]
        }
      ]
    },
    {
      "module": "module.lambda_post",
      "mode": "managed",
      "type": "aws_lambda_function",
      "name": "lambda",
      "provider": "provider[\"registry.terraform.io/hashicorp/aws\"]",
      "instances": [
        {
          "schema_version": 0,
          "attributes": {
            "arn": "arn:aws:lambda:eu-west-1:038624201436:function:hello_lambda_post_handler",
            "code_signing_config_arn": "",
            "dead_letter_config": [],
            "description": "",
            "environment": [],
            "file_system_config": [],
            "filename": "hello_lambda.zip",
            "function_name": "hello_lambda_post_handler",
            "handler": "hello_lambda.post_handler",
            "id": "hello_lambda_post_handler",
            "image_config": [],
            "image_uri": "",
            "invoke_arn": "arn:aws:apigateway:eu-west-1:lambda:path/2015-03-31/functions/arn:aws:lambda:eu-west-1:038624201436:function:hello_lambda_post_handler/invocations",
            "kms_key_arn": "",
            "last_modified": "2020-12-02T06:47:48.147+0000",
            "layers": null,
            "memory_size": 128,
            "package_type": "Zip",
            "publish": false,
            "qualified_arn": "arn:aws:lambda:eu-west-1:038624201436:function:hello_lambda_post_handler:$LATEST",
            "reserved_concurrent_executions": -1,
            "role": "arn:aws:iam::038624201436:role/iam_role_for_lambda",
            "runtime": "python2.7",
            "s3_bucket": null,
            "s3_key": null,
            "s3_object_version": null,
            "signing_job_arn": "",
            "signing_profile_version_arn": "",
            "source_code_hash": "Jxky26Y9tqk66BTdW5Y/R03Ntvt0oaqf994O1tgD9KU=",
            "source_code_size": 437,
            "tags": null,
            "timeout": 3,
            "timeouts": null,
            "tracing_config": [
              {
                "mode": "PassThrough"
              }
            ],
            "version": "$LATEST",
            "vpc_config": []
          },
          "private": "eyJlMmJmYjczMC1lY2FhLTExZTYtOGY4OC0zNDM2M2JjN2M0YzAiOnsiY3JlYXRlIjo2MDAwMDAwMDAwMDB9fQ==",
          "dependencies": [
            "aws_iam_role.iam_role_for_lambda"
          ]
        }
      ]
    }
  ]
}
